
Microsoft Visual Studio Solution File, Format Version 12.00
# Visual Studio Version 16
VisualStudioVersion = 16.0.29324.140
MinimumVisualStudioVersion = 10.0.40219.1
Project("{FAE04EC0-301F-11D3-BF4B-00C04F79EFBC}") = "FTD_MOSplit_FeltHat", "FTD_MOSplit_FeltHat\FTD_MOSplit_FeltHat.csproj", "{C540D0EB-0A48-4E69-9EBD-36F0B30D4B05}"
EndProject
Project("{FAE04EC0-301F-11D3-BF4B-00C04F79EFBC}") = "FTD_MOSplit_StrawHat", "FTD_MOSplit_StrawHat\FTD_MOSplit_StrawHat.csproj", "{80FF542E-D17C-47CB-A228-55168DF3A474}"
EndProject
Project("{FAE04EC0-301F-11D3-BF4B-00C04F79EFBC}") = "FTD_MOR", "FTD_MOR\FTD_MOR.csproj", "{28931BCE-E369-4038-AC95-59E020A99A07}"
EndProject
Project("{FAE04EC0-301F-11D3-BF4B-00C04F79EFBC}") = "FTD_HATCO_CMS100MI", "FTD_HATCO_CMS100MI\FTD_HATCO_CMS100MI.csproj", "{4E9D4A1A-CC2B-4E34-89C4-3A57E6992026}"
EndProject
Project("{FAE04EC0-301F-11D3-BF4B-00C04F79EFBC}") = "FTD_MMS025MI", "FTD_MMS025MI\FTD_MMS025MI.csproj", "{0CD215A4-E78D-4390-A147-BD4DD290C22F}"
EndProject
Project("{FAE04EC0-301F-11D3-BF4B-00C04F79EFBC}") = "FTD_MMS470MI", "FTD_MMS470MI\FTD_MMS470MI.csproj", "{79A6913A-9F6E-4EF1-BD4E-6A35417BB281}"
EndProject
Project("{FAE04EC0-301F-11D3-BF4B-00C04F79EFBC}") = "FTD_MNS150MI", "FTD_MNS150MI\FTD_MNS150MI.csproj", "{66EA7197-9E39-49E8-A4D2-FDD942F9258D}"
EndProject
Project("{FAE04EC0-301F-11D3-BF4B-00C04F79EFBC}") = "FTD_MNS410MI", "FTD_MNS410MI\FTD_MNS410MI.csproj", "{C6B2CABF-5D39-41FE-A826-BF851F26C6C7}"
EndProject
Project("{FAE04EC0-301F-11D3-BF4B-00C04F79EFBC}") = "FTD_PMS050MI", "FTD_PMS050MI\FTD_PMS050MI.csproj", "{19827217-3B27-48F0-9FF3-0B455F2CAB8C}"
EndProject
Project("{FAE04EC0-301F-11D3-BF4B-00C04F79EFBC}") = "FTD_PMS070MI", "FTD_PMS070MI\FTD_PMS070MI.csproj", "{9BB4ADBA-4956-4AEA-9C59-4814AC46FF91}"
EndProject
Global
	GlobalSection(SolutionConfigurationPlatforms) = preSolution
		Debug|Any CPU = Debug|Any CPU
		Release|Any CPU = Release|Any CPU
	EndGlobalSection
	GlobalSection(ProjectConfigurationPlatforms) = postSolution
		{C540D0EB-0A48-4E69-9EBD-36F0B30D4B05}.Debug|Any CPU.ActiveCfg = Debug|Any CPU
		{C540D0EB-0A48-4E69-9EBD-36F0B30D4B05}.Debug|Any CPU.Build.0 = Debug|Any CPU
		{C540D0EB-0A48-4E69-9EBD-36F0B30D4B05}.Release|Any CPU.ActiveCfg = Release|Any CPU
		{C540D0EB-0A48-4E69-9EBD-36F0B30D4B05}.Release|Any CPU.Build.0 = Release|Any CPU
		{80FF542E-D17C-47CB-A228-55168DF3A474}.Debug|Any CPU.ActiveCfg = Debug|Any CPU
		{80FF542E-D17C-47CB-A228-55168DF3A474}.Debug|Any CPU.Build.0 = Debug|Any CPU
		{80FF542E-D17C-47CB-A228-55168DF3A474}.Release|Any CPU.ActiveCfg = Release|Any CPU
		{80FF542E-D17C-47CB-A228-55168DF3A474}.Release|Any CPU.Build.0 = Release|Any CPU
		{28931BCE-E369-4038-AC95-59E020A99A07}.Debug|Any CPU.ActiveCfg = Debug|Any CPU
		{28931BCE-E369-4038-AC95-59E020A99A07}.Debug|Any CPU.Build.0 = Debug|Any CPU
		{28931BCE-E369-4038-AC95-59E020A99A07}.Release|Any CPU.ActiveCfg = Release|Any CPU
		{28931BCE-E369-4038-AC95-59E020A99A07}.Release|Any CPU.Build.0 = Release|Any CPU
		{4E9D4A1A-CC2B-4E34-89C4-3A57E6992026}.Debug|Any CPU.ActiveCfg = Debug|Any CPU
		{4E9D4A1A-CC2B-4E34-89C4-3A57E6992026}.Debug|Any CPU.Build.0 = Debug|Any CPU
		{4E9D4A1A-CC2B-4E34-89C4-3A57E6992026}.Release|Any CPU.ActiveCfg = Release|Any CPU
		{4E9D4A1A-CC2B-4E34-89C4-3A57E6992026}.Release|Any CPU.Build.0 = Release|Any CPU
		{0CD215A4-E78D-4390-A147-BD4DD290C22F}.Debug|Any CPU.ActiveCfg = Debug|Any CPU
		{0CD215A4-E78D-4390-A147-BD4DD290C22F}.Debug|Any CPU.Build.0 = Debug|Any CPU
		{0CD215A4-E78D-4390-A147-BD4DD290C22F}.Release|Any CPU.ActiveCfg = Release|Any CPU
		{0CD215A4-E78D-4390-A147-BD4DD290C22F}.Release|Any CPU.Build.0 = Release|Any CPU
		{79A6913A-9F6E-4EF1-BD4E-6A35417BB281}.Debug|Any CPU.ActiveCfg = Debug|Any CPU
		{79A6913A-9F6E-4EF1-BD4E-6A35417BB281}.Debug|Any CPU.Build.0 = Debug|Any CPU
		{79A6913A-9F6E-4EF1-BD4E-6A35417BB281}.Release|Any CPU.ActiveCfg = Release|Any CPU
		{79A6913A-9F6E-4EF1-BD4E-6A35417BB281}.Release|Any CPU.Build.0 = Release|Any CPU
		{66EA7197-9E39-49E8-A4D2-FDD942F9258D}.Debug|Any CPU.ActiveCfg = Debug|Any CPU
		{66EA7197-9E39-49E8-A4D2-FDD942F9258D}.Debug|Any CPU.Build.0 = Debug|Any CPU
		{66EA7197-9E39-49E8-A4D2-FDD942F9258D}.Release|Any CPU.ActiveCfg = Release|Any CPU
		{66EA7197-9E39-49E8-A4D2-FDD942F9258D}.Release|Any CPU.Build.0 = Release|Any CPU
		{C6B2CABF-5D39-41FE-A826-BF851F26C6C7}.Debug|Any CPU.ActiveCfg = Debug|Any CPU
		{C6B2CABF-5D39-41FE-A826-BF851F26C6C7}.Debug|Any CPU.Build.0 = Debug|Any CPU
		{C6B2CABF-5D39-41FE-A826-BF851F26C6C7}.Release|Any CPU.ActiveCfg = Release|Any CPU
		{C6B2CABF-5D39-41FE-A826-BF851F26C6C7}.Release|Any CPU.Build.0 = Release|Any CPU
		{19827217-3B27-48F0-9FF3-0B455F2CAB8C}.Debug|Any CPU.ActiveCfg = Debug|Any CPU
		{19827217-3B27-48F0-9FF3-0B455F2CAB8C}.Debug|Any CPU.Build.0 = Debug|Any CPU
		{19827217-3B27-48F0-9FF3-0B455F2CAB8C}.Release|Any CPU.ActiveCfg = Release|Any CPU
		{19827217-3B27-48F0-9FF3-0B455F2CAB8C}.Release|Any CPU.Build.0 = Release|Any CPU
		{9BB4ADBA-4956-4AEA-9C59-4814AC46FF91}.Debug|Any CPU.ActiveCfg = Debug|Any CPU
		{9BB4ADBA-4956-4AEA-9C59-4814AC46FF91}.Debug|Any CPU.Build.0 = Debug|Any CPU
		{9BB4ADBA-4956-4AEA-9C59-4814AC46FF91}.Release|Any CPU.ActiveCfg = Release|Any CPU
		{9BB4ADBA-4956-4AEA-9C59-4814AC46FF91}.Release|Any CPU.Build.0 = Release|Any CPU
	EndGlobalSection
	GlobalSection(SolutionProperties) = preSolution
		HideSolutionNode = FALSE
	EndGlobalSection
	GlobalSection(ExtensibilityGlobals) = postSolution
		SolutionGuid = {5F244CB3-405D-4426-A327-56A87616A643}
	EndGlobalSection
EndGlobal
